
Microsoft Visual Studio Solution File, Format Version 12.00
# Visual Studio 15
VisualStudioVersion = 15.0.35213.121
MinimumVisualStudioVersion = 10.0.40219.1
Project("{FAE04EC0-301F-11D3-BF4B-00C04F79EFBC}") = "AirlineTicketReservationSystem", "AirlineTicketReservationSystem\AirlineTicketReservationSystem.csproj", "{9B2FC1B6-6FF9-44D7-9500-A7A38D04DAA7}"
EndProject
Global
	GlobalSection(SolutionConfigurationPlatforms) = preSolution
		Debug|Any CPU = Debug|Any CPU
		Release|Any CPU = Release|Any CPU
	EndGlobalSection
	GlobalSection(ProjectConfigurationPlatforms) = postSolution
		{9B2FC1B6-6FF9-44D7-9500-A7A38D04DAA7}.Debug|Any CPU.ActiveCfg = Debug|Any CPU
		{9B2FC1B6-6FF9-44D7-9500-A7A38D04DAA7}.Debug|Any CPU.Build.0 = Debug|Any CPU
		{9B2FC1B6-6FF9-44D7-9500-A7A38D04DAA7}.Release|Any CPU.ActiveCfg = Release|Any CPU
		{9B2FC1B6-6FF9-44D7-9500-A7A38D04DAA7}.Release|Any CPU.Build.0 = Release|Any CPU
	EndGlobalSection
	GlobalSection(SolutionProperties) = preSolution
		HideSolutionNode = FALSE
	EndGlobalSection
	GlobalSection(ExtensibilityGlobals) = postSolution
		SolutionGuid = {EC12CC4F-1D5E-485A-A738-A8B8DF9ECBB6}
	EndGlobalSection
EndGlobal
